// !$*UTF8*$!
{
	archiveVersion = 1;
	classes = {
	};
	objectVersion = 46;
	objects = {

/* Begin PBXBuildFile section */
		E43992721C4467370078B4ED /* AppDelegate.swift in Sources */ = {isa = PBXBuildFile; fileRef = E43992711C4467370078B4ED /* AppDelegate.swift */; };
		E43992741C4467370078B4ED /* ViewController.swift in Sources */ = {isa = PBXBuildFile; fileRef = E43992731C4467370078B4ED /* ViewController.swift */; };
		E43992771C4467370078B4ED /* Main.storyboard in Resources */ = {isa = PBXBuildFile; fileRef = E43992751C4467370078B4ED /* Main.storyboard */; };
		E43992791C4467370078B4ED /* Assets.xcassets in Resources */ = {isa = PBXBuildFile; fileRef = E43992781C4467370078B4ED /* Assets.xcassets */; };
		E439927C1C4467370078B4ED /* LaunchScreen.storyboard in Resources */ = {isa = PBXBuildFile; fileRef = E439927A1C4467370078B4ED /* LaunchScreen.storyboard */; };
/* End PBXBuildFile section */

/* Begin PBXFileReference section */
		E439926E1C4467370078B4ED /* Swipe & Shakes.app */ = {isa = PBXFileReference; explicitFileType = wrapper.application; includeInIndex = 0; path = "Swipe & Shakes.app"; sourceTree = BUILT_PRODUCTS_DIR; };
		E43992711C4467370078B4ED /* AppDelegate.swift */ = {isa = PBXFileReference; lastKnownFileType = sourcecode.swift; path = AppDelegate.swift; sourceTree = "<group>"; };
		E43992731C4467370078B4ED /* ViewController.swift */ = {isa = PBXFileReference; lastKnownFileType = sourcecode.swift; path = ViewController.swift; sourceTree = "<group>"; };
		E43992761C4467370078B4ED /* Base */ = {isa = PBXFileReference; lastKnownFileType = file.storyboard; name = Base; path = Base.lproj/Main.storyboard; sourceTree = "<group>"; };
		E43992781C4467370078B4ED /* Assets.xcassets */ = {isa = PBXFileReference; lastKnownFileType = folder.assetcatalog; path = Assets.xcassets; sourceTree = "<group>"; };
		E439927B1C4467370078B4ED /* Base */ = {isa = PBXFileReference; lastKnownFileType = file.storyboard; name = Base; path = Base.lproj/LaunchScreen.storyboard; sourceTree = "<group>"; };
		E439927D1C4467370078B4ED /* Info.plist */ = {isa = PBXFileReference; lastKnownFileType = text.plist.xml; path = Info.plist; sourceTree = "<group>"; };
/* End PBXFileReference section */

/* Begin PBXFrameworksBuildPhase section */
		E439926B1C4467370078B4ED /* Frameworks */ = {
			isa = PBXFrameworksBuildPhase;
			buildActionMask = 2147483647;
			files = (
			);
			runOnlyForDeploymentPostprocessing = 0;
		};
/* End PBXFrameworksBuildPhase section */

/* Begin PBXGroup section */
		E43992651C4467370078B4ED = {
			isa = PBXGroup;
			children = (
				E43992701C4467370078B4ED /* Swipe & Shakes */,
				E439926F1C4467370078B4ED /* Products */,
			);
			sourceTree = "<group>";
		};
		E439926F1C4467370078B4ED /* Products */ = {
			isa = PBXGroup;
			children = (
				E439926E1C4467370078B4ED /* Swipe & Shakes.app */,
			);
			name = Products;
			sourceTree = "<group>";
		};
		E43992701C4467370078B4ED /* Swipe & Shakes */ = {
			isa = PBXGroup;
			children = (
				E43992711C4467370078B4ED /* AppDelegate.swift */,
				E43992731C4467370078B4ED /* ViewController.swift */,
				E43992751C4467370078B4ED /* Main.storyboard */,
				E43992781C4467370078B4ED /* Assets.xcassets */,
				E439927A1C4467370078B4ED /* LaunchScreen.storyboard */,
				E439927D1C4467370078B4ED /* Info.plist */,
			);
			path = "Swipe & Shakes";
			sourceTree = "<group>";
		};
/* End PBXGroup section */

/* Begin PBXNativeTarget section */
		E439926D1C4467370078B4ED /* Swipe & Shakes */ = {
			isa = PBXNativeTarget;
			buildConfigurationList = E43992801C4467370078B4ED /* Build configuration list for PBXNativeTarget "Swipe & Shakes" */;
			buildPhases = (
				E439926A1C4467370078B4ED /* Sources */,
				E439926B1C4467370078B4ED /* Frameworks */,
				E439926C1C4467370078B4ED /* Resources */,
			);
			buildRules = (
			);
			dependencies = (
			);
			name = "Swipe & Shakes";
			productName = "Swipe & Shakes";
			productReference = E439926E1C4467370078B4ED /* Swipe & Shakes.app */;
			productType = "com.apple.product-type.application";
		};
/* End PBXNativeTarget section */

/* Begin PBXProject section */
		E43992661C4467370078B4ED /* Project object */ = {
			isa = PBXProject;
			attributes = {
				LastSwiftUpdateCheck = 0720;
				LastUpgradeCheck = 0720;
				ORGANIZATIONNAME = persnal;
				TargetAttributes = {
					E439926D1C4467370078B4ED = {
						CreatedOnToolsVersion = 7.2;
					};
				};
			};
			buildConfigurationList = E43992691C4467370078B4ED /* Build configuration list for PBXProject "Swipe & Shakes" */;
			compatibilityVersion = "Xcode 3.2";
			developmentRegion = English;
			hasScannedForEncodings = 0;
			knownRegions = (
				en,
				Base,
			);
			mainGroup = E43992651C4467370078B4ED;
			productRefGroup = E439926F1C4467370078B4ED /* Products */;
			projectDirPath = "";
			projectRoot = "";
			targets = (
				E439926D1C4467370078B4ED /* Swipe & Shakes */,
			);
		};
/* End PBXProject section */

/* Begin PBXResourcesBuildPhase section */
		E439926C1C4467370078B4ED /* Resources */ = {
			isa = PBXResourcesBuildPhase;
			buildActionMask = 2147483647;
			files = (
				E439927C1C4467370078B4ED /* LaunchScreen.storyboard in Resources */,
				E43992791C4467370078B4ED /* Assets.xcassets in Resources */,
				E43992771C4467370078B4ED /* Main.storyboard in Resources */,
			);
			runOnlyForDeploymentPostprocessing = 0;
		};
/* End PBXResourcesBuildPhase section */

/* Begin PBXSourcesBuildPhase section */
		E439926A1C4467370078B4ED /* Sources */ = {
			isa = PBXSourcesBuildPhase;
			buildActionMask = 2147483647;
			files = (
				E43992741C4467370078B4ED /* ViewController.swift in Sources */,
				E43992721C4467370078B4ED /* AppDelegate.swift in Sources */,
			);
			runOnlyForDeploymentPostprocessing = 0;
		};
/* End PBXSourcesBuildPhase section */

/* Begin PBXVariantGroup section */
		E43992751C4467370078B4ED /* Main.storyboard */ = {
			isa = PBXVariantGroup;
			children = (
				E43992761C4467370078B4ED /* Base */,
			);
			name = Main.storyboard;
			sourceTree = "<group>";
		};
		E439927A1C4467370078B4ED /* LaunchScreen.storyboard */ = {
			isa = PBXVariantGroup;
			children = (
				E439927B1C4467370078B4ED /* Base */,
			);
			name = LaunchScreen.storyboard;
			sourceTree = "<group>";
		};
/* End PBXVariantGroup section */

/* Begin XCBuildConfiguration section */
		E439927E1C4467370078B4ED /* Debug */ = {
			isa = XCBuildConfiguration;
			buildSettings = {
				ALWAYS_SEARCH_USER_PATHS = NO;
				CLANG_CXX_LANGUAGE_STANDARD = "gnu++0x";
				CLANG_CXX_LIBRARY = "libc++";
				CLANG_ENABLE_MODULES = YES;
				CLANG_ENABLE_OBJC_ARC = YES;
				CLANG_WARN_BOOL_CONVERSION = YES;
				CLANG_WARN_CONSTANT_CONVERSION = YES;
				CLANG_WARN_DIRECT_OBJC_ISA_USAGE = YES_ERROR;
				CLANG_WARN_EMPTY_BODY = YES;
				CLANG_WARN_ENUM_CONVERSION = YES;
				CLANG_WARN_INT_CONVERSION = YES;
				CLANG_WARN_OBJC_ROOT_CLASS = YES_ERROR;
				CLANG_WARN_UNREACHABLE_CODE = YES;
				CLANG_WARN__DUPLICATE_METHOD_MATCH = YES;
				"CODE_SIGN_IDENTITY[sdk=iphoneos*]" = "iPhone Developer";
				COPY_PHASE_STRIP = NO;
				DEBUG_INFORMATION_FORMAT = dwarf;
				ENABLE_STRICT_OBJC_MSGSEND = YES;
				ENABLE_TESTABILITY = YES;
				GCC_C_LANGUAGE_STANDARD = gnu99;
				GCC_DYNAMIC_NO_PIC = NO;
				GCC_NO_COMMON_BLOCKS = YES;
				GCC_OPTIMIZATION_LEVEL = 0;
				GCC_PREPROCESSOR_DEFINITIONS = (
					"DEBUG=1",
					"$(inherited)",
				);
				GCC_WARN_64_TO_32_BIT_CONVERSION = YES;
				GCC_WARN_ABOUT_RETURN_TYPE = YES_ERROR;
				GCC_WARN_UNDECLARED_SELECTOR = YES;
				GCC_WARN_UNINITIALIZED_AUTOS = YES_AGGRESSIVE;
				GCC_WARN_UNUSED_FUNCTION = YES;
				GCC_WARN_UNUSED_VARIABLE = YES;
				IPHONEOS_DEPLOYMENT_TARGET = 9.2;
				MTL_ENABLE_DEBUG_INFO = YES;
				ONLY_ACTIVE_ARCH = YES;
				SDKROOT = iphoneos;
				SWIFT_OPTIMIZATION_LEVEL = "-Onone";
			};
			name = Debug;
		};
		E439927F1C4467370078B4ED /* Release */ = {
			isa = XCBuildConfiguration;
			buildSettings = {
				ALWAYS_SEARCH_USER_PATHS = NO;
				CLANG_CXX_LANGUAGE_STANDARD = "gnu++0x";
				CLANG_CXX_LIBRARY = "libc++";
				CLANG_ENABLE_MODULES = YES;
				CLANG_ENABLE_OBJC_ARC = YES;
				CLANG_WARN_BOOL_CONVERSION = YES;
				CLANG_WARN_CONSTANT_CONVERSION = YES;
				CLANG_WARN_DIRECT_OBJC_ISA_USAGE = YES_ERROR;
				CLANG_WARN_EMPTY_BODY = YES;
				CLANG_WARN_ENUM_CONVERSION = YES;
				CLANG_WARN_INT_CONVERSION = YES;
				CLANG_WARN_OBJC_ROOT_CLASS = YES_ERROR;
				CLANG_WARN_UNREACHABLE_CODE = YES;
				CLANG_WARN__DUPLICATE_METHOD_MATCH = YES;
				"CODE_SIGN_IDENTITY[sdk=iphoneos*]" = "iPhone Developer";
				COPY_PHASE_STRIP = NO;
				DEBUG_INFORMATION_FORMAT = "dwarf-with-dsym";
				ENABLE_NS_ASSERTIONS = NO;
				ENABLE_STRICT_OBJC_MSGSEND = YES;
				GCC_C_LANGUAGE_STANDARD = gnu99;
				GCC_NO_COMMON_BLOCKS = YES;
				GCC_WARN_64_TO_32_BIT_CONVERSION = YES;
				GCC_WARN_ABOUT_RETURN_TYPE = YES_ERROR;
				GCC_WARN_UNDECLARED_SELECTOR = YES;
				GCC_WARN_UNINITIALIZED_AUTOS = YES_AGGRESSIVE;
				GCC_WARN_UNUSED_FUNCTION = YES;
				GCC_WARN_UNUSED_VARIABLE = YES;
				IPHONEOS_DEPLOYMENT_TARGET = 9.2;
				MTL_ENABLE_DEBUG_INFO = NO;
				SDKROOT = iphoneos;
				VALIDATE_PRODUCT = YES;
			};
			name = Release;
		};
		E43992811C4467370078B4ED /* Debug */ = {
			isa = XCBuildConfiguration;
			buildSettings = {
				ASSETCATALOG_COMPILER_APPICON_NAME = AppIcon;
				INFOPLIST_FILE = "Swipe & Shakes/Info.plist";
				LD_RUNPATH_SEARCH_PATHS = "$(inherited) @executable_path/Frameworks";
				PRODUCT_BUNDLE_IDENTIFIER = "com.personal.Swipe---Shakes";
				PRODUCT_NAME = "$(TARGET_NAME)";
			};
			name = Debug;
		};
		E43992821C4467370078B4ED /* Release */ = {
			isa = XCBuildConfiguration;
			buildSettings = {
				ASSETCATALOG_COMPILER_APPICON_NAME = AppIcon;
				INFOPLIST_FILE = "Swipe & Shakes/Info.plist";
				LD_RUNPATH_SEARCH_PATHS = "$(inherited) @executable_path/Frameworks";
				PRODUCT_BUNDLE_IDENTIFIER = "com.personal.Swipe---Shakes";
				PRODUCT_NAME = "$(TARGET_NAME)";
			};
			name = Release;
		};
/* End XCBuildConfiguration section */

/* Begin XCConfigurationList section */
		E43992691C4467370078B4ED /* Build configuration list for PBXProject "Swipe & Shakes" */ = {
			isa = XCConfigurationList;
			buildConfigurations = (
				E439927E1C4467370078B4ED /* Debug */,
				E439927F1C4467370078B4ED /* Release */,
			);
			defaultConfigurationIsVisible = 0;
			defaultConfigurationName = Release;
		};
		E43992801C4467370078B4ED /* Build configuration list for PBXNativeTarget "Swipe & Shakes" */ = {
			isa = XCConfigurationList;
			buildConfigurations = (
				E43992811C4467370078B4ED /* Debug */,
				E43992821C4467370078B4ED /* Release */,
			);
			defaultConfigurationIsVisible = 0;
		};
/* End XCConfigurationList section */
	};
	rootObject = E43992661C4467370078B4ED /* Project object */;
}
